
Microsoft Visual Studio Solution File, Format Version 12.00
# Visual Studio Version 16
VisualStudioVersion = 16.0.30611.23
MinimumVisualStudioVersion = 10.0.40219.1
Project("{FAE04EC0-301F-11D3-BF4B-00C04F79EFBC}") = "music-api", "music-api.csproj", "{309C4E86-7935-4124-AB20-22EEAC5DDAD9}"
EndProject
Global
	GlobalSection(SolutionConfigurationPlatforms) = preSolution
		Debug|Any CPU = Debug|Any CPU
		Release|Any CPU = Release|Any CPU
	EndGlobalSection
	GlobalSection(ProjectConfigurationPlatforms) = postSolution
		{309C4E86-7935-4124-AB20-22EEAC5DDAD9}.Debug|Any CPU.ActiveCfg = Debug|Any CPU
		{309C4E86-7935-4124-AB20-22EEAC5DDAD9}.Debug|Any CPU.Build.0 = Debug|Any CPU
		{309C4E86-7935-4124-AB20-22EEAC5DDAD9}.Release|Any CPU.ActiveCfg = Release|Any CPU
		{309C4E86-7935-4124-AB20-22EEAC5DDAD9}.Release|Any CPU.Build.0 = Release|Any CPU
	EndGlobalSection
	GlobalSection(SolutionProperties) = preSolution
		HideSolutionNode = FALSE
	EndGlobalSection
	GlobalSection(ExtensibilityGlobals) = postSolution
		SolutionGuid = {58FE344A-F247-4895-801C-2E0B0872C9A7}
	EndGlobalSection
EndGlobal
